DEPENDENCIES
  bot
    git: git@github.com:seagoj/cookbook-bot.git
    revision: 6875c0b15e018f46c104b0b16ee1a13076346fec

GRAPH
  bot (0.1.0)
    mysql (>= 0.0.0)
  mysql (6.0.5)
    smf (>= 0.0.0)
    yum-mysql-community (>= 0.0.0)
  rbac (1.0.2)
  resource-control (0.1.1)
  smf (2.2.1)
    rbac (>= 1.0.1)
    resource-control (>= 0.0.0)
  yum (3.5.2)
  yum-mysql-community (0.1.11)
    yum (>= 3.0)
